
Microsoft Visual Studio Solution File, Format Version 12.00
# Visual Studio Version 17
VisualStudioVersion = 17.0.32407.392
MinimumVisualStudioVersion = 10.0.40219.1
Project("{FAE04EC0-301F-11D3-BF4B-00C04F79EFBC}") = "Common", "Common\Common.csproj", "{97FE7C9D-17DA-40A0-BA9E-1A9D0507C92F}"
EndProject
Global
	GlobalSection(SolutionConfigurationPlatforms) = preSolution
		Debug|Any CPU = Debug|Any CPU
		Release|Any CPU = Release|Any CPU
	EndGlobalSection
	GlobalSection(ProjectConfigurationPlatforms) = postSolution
		{97FE7C9D-17DA-40A0-BA9E-1A9D0507C92F}.Debug|Any CPU.ActiveCfg = Debug|Any CPU
		{97FE7C9D-17DA-40A0-BA9E-1A9D0507C92F}.Debug|Any CPU.Build.0 = Debug|Any CPU
		{97FE7C9D-17DA-40A0-BA9E-1A9D0507C92F}.Release|Any CPU.ActiveCfg = Release|Any CPU
		{97FE7C9D-17DA-40A0-BA9E-1A9D0507C92F}.Release|Any CPU.Build.0 = Release|Any CPU
	EndGlobalSection
	GlobalSection(SolutionProperties) = preSolution
		HideSolutionNode = FALSE
	EndGlobalSection
	GlobalSection(ExtensibilityGlobals) = postSolution
		SolutionGuid = {450E5937-167C-4138-B01A-0619B06A3897}
	EndGlobalSection
EndGlobal
